{
	"name": "shopro-plus",
	"version": "1.0.0",
	"lockfileVersion": 1,
	"requires": true,
	"dependencies": {
		"@fortawesome/fontawesome-common-types": {
			"version": "0.2.36",
			"resolved": "https://registry.npmjs.org/@fortawesome/fontawesome-common-types/-/fontawesome-common-types-0.2.36.tgz",
			"integrity": "sha512-a/7BiSgobHAgBWeN7N0w+lAhInrGxksn13uK7231n2m8EDPE3BMCl9NZLTGrj9ZXfCmC6LM0QLqXidIizVQ6yg=="
		},
		"@fortawesome/free-solid-svg-icons": {
			"version": "5.15.4",
			"resolved": "https://registry.npmjs.org/@fortawesome/free-solid-svg-icons/-/free-solid-svg-icons-5.15.4.tgz",
			"integrity": "sha512-JLmQfz6tdtwxoihXLg6lT78BorrFyCf59SAwBM6qV/0zXyVeDygJVb3fk+j5Qat+Yvcxp1buLTY5iDh1ZSAQ8w==",
			"requires": {
				"@fortawesome/fontawesome-common-types": "^0.2.36"
			}
		},
		"cookie-storage": {
			"version": "6.1.0",
			"resolved": "https://registry.npmjs.org/cookie-storage/-/cookie-storage-6.1.0.tgz",
			"integrity": "sha512-HeVqbVy8BjXhAAuFtL6MTG+witHoLbxfky2jgVh9FmxmyL6IKa9gSSyPNjevXCCCxPu6Tzd9J8+eXTRQzYU/cg=="
		},
		"copy-text-to-clipboard": {
			"version": "3.0.1",
			"resolved": "https://registry.npmjs.org/copy-text-to-clipboard/-/copy-text-to-clipboard-3.0.1.tgz",
			"integrity": "sha512-rvVsHrpFcL4F2P8ihsoLdFHmd404+CMg71S756oRSeQgqk51U3kicGdnvfkrxva0xXH92SjGS62B0XIJsbh+9Q=="
		},
		"core-js": {
			"version": "3.18.1",
			"resolved": "https://registry.npmjs.org/core-js/-/core-js-3.18.1.tgz",
			"integrity": "sha512-vJlUi/7YdlCZeL6fXvWNaLUPh/id12WXj3MbkMw5uOyF0PfWPBNOCNbs53YqgrvtujLNlt9JQpruyIKkUZ+PKA=="
		},
		"jweixin-module": {
			"version": "1.6.0",
			"resolved": "https://registry.npmjs.org/jweixin-module/-/jweixin-module-1.6.0.tgz",
			"integrity": "sha512-dGk9cf+ipipHmtzYmKZs5B2toX+p4hLyllGLF6xuC8t+B05oYxd8fYoaRz0T30U2n3RUv8a4iwvjhA+OcYz52w=="
		},
		"mutation-observer": {
			"version": "1.0.3",
			"resolved": "https://registry.npmjs.org/mutation-observer/-/mutation-observer-1.0.3.tgz",
			"integrity": "sha512-M/O/4rF2h776hV7qGMZUH3utZLO/jK7p8rnNgGkjKUw8zCGjRQPxB8z6+5l8+VjRUQ3dNYu4vjqXYLr+U8ZVNA=="
		},
		"svelte-fa": {
			"version": "2.3.3",
			"resolved": "https://registry.npmjs.org/svelte-fa/-/svelte-fa-2.3.3.tgz",
			"integrity": "sha512-Izq+L4H9FEsoClSsYe35KuMP+2CUltJq8eP6qrQp9q52zYxRNMQTO3dYylr6K1fFmhKiWcw9q1hUzIiyrJx8dQ=="
		},
		"uni-read-pages": {
			"version": "1.0.5",
			"resolved": "https://registry.npmjs.org/uni-read-pages/-/uni-read-pages-1.0.5.tgz",
			"integrity": "sha512-GkrrZ0LX0vn9R5k6RKEi0Ez3Q3e2vUpjXQ8Z6/K/d28KudI9ajqgt8WEjQFlG5EPm1K6uTArN8LlqmZTEixDUA=="
		},
		"vconsole": {
			"version": "3.9.1",
			"resolved": "https://registry.npmjs.org/vconsole/-/vconsole-3.9.1.tgz",
			"integrity": "sha512-pAqWMsRtxxmXRzTGAG9AT/qfzmQ9Df0UPuQ0ut1aSUiwvK5Hki3IrxurE9iFkFsJX8cGmSjYEAQf7fRc86VBhA==",
			"requires": {
				"@fortawesome/free-solid-svg-icons": "^5.15.3",
				"cookie-storage": "^6.1.0",
				"copy-text-to-clipboard": "^3.0.1",
				"core-js": "^3.11.0",
				"mutation-observer": "^1.0.3",
				"svelte-fa": "^2.2.1"
			}
		}
	}
}
